{
  "requires": true,
  "lockfileVersion": 1,
  "dependencies": {
    "@types/googlemaps": {
      "version": "3.30.19",
      "resolved": "https://registry.npmjs.org/@types/googlemaps/-/googlemaps-3.30.19.tgz",
      "integrity": "sha512-9uzg5jC6FRyAsMrhOLnUbblyN1xbcOVnqecQZxrnCDxTKssn4lwk0K4EWsw/sw8cJX32MFRMivyAT8dX/JBatg=="
    },
    "web-google-maps": {
      "version": "1.0.1",
      "resolved": "https://registry.npmjs.org/web-google-maps/-/web-google-maps-1.0.1.tgz",
      "integrity": "sha512-/Ckdm0VRaS89pNQYidRb76L2X3Cp0imePrrZF3bfT2FgiEFUMxmUXIHITgDWt3UOTrNArILsVuGavf1/zT/xqg==",
      "requires": {
        "@types/googlemaps": "^3.30.16"
      }
    }
  }
}
